# generated by rye
# use `rye lock` or `rye sync` to update this lockfile
#
# last locked with the following flags:
#   pre: false
#   features: ["dev"]
#   all-features: false
#   with-sources: false

-e file:.
anyio==4.3.0
    # via httpx
black==24.2.0
    # via pte
cachetools==5.3.3
    # via tox
certifi==2024.2.2
    # via httpcore
    # via httpx
    # via requests
cfgv==3.4.0
    # via pre-commit
chardet==5.2.0
    # via tox
charset-normalizer==3.3.2
    # via requests
click==8.1.7
    # via black
    # via hatch
    # via userpath
colorama==0.4.6
    # via click
    # via pytest
    # via tox
    # via tqdm
colorspacious==1.1.2
    # via mne-qt-browser
contourpy==1.2.0
    # via matplotlib
coverage==7.4.3
    # via pytest-cov
cycler==0.12.1
    # via matplotlib
darkdetect==0.8.0
    # via mne-qt-browser
decorator==5.1.1
    # via mne
distlib==0.3.8
    # via virtualenv
editables==0.5
    # via hatchling
filelock==3.13.1
    # via tox
    # via virtualenv
fonttools==4.49.0
    # via matplotlib
h11==0.14.0
    # via httpcore
h5io==0.2.2
    # via mne
h5py==3.10.0
    # via h5io
    # via pymatreader
hatch==1.9.3
    # via pte
hatchling==1.21.1
    # via hatch
httpcore==1.0.4
    # via httpx
httpx==0.27.0
    # via hatch
hyperlink==21.0.0
    # via hatch
identify==2.5.35
    # via pre-commit
idna==3.6
    # via anyio
    # via httpx
    # via hyperlink
    # via requests
imageio==2.34.0
    # via scikit-image
iniconfig==2.0.0
    # via pytest
jaraco-classes==3.3.1
    # via keyring
jinja2==3.1.3
    # via mne
joblib==1.3.2
    # via pte
    # via pte-stats
keyring==24.3.1
    # via hatch
kiwisolver==1.4.5
    # via matplotlib
lazy-loader==0.3
    # via mne
    # via scikit-image
llvmlite==0.42.0
    # via numba
markdown-it-py==3.0.0
    # via rich
markupsafe==2.1.5
    # via jinja2
matplotlib==3.8.3
    # via mne
    # via mne-qt-browser
    # via pte
mdurl==0.1.2
    # via markdown-it-py
mne==1.6.1
    # via mne-bids
    # via mne-qt-browser
    # via pte
mne-bids==0.14
    # via pte
mne-qt-browser==0.6.1
    # via pte
more-itertools==10.2.0
    # via jaraco-classes
mypy==1.8.0
    # via pte
mypy-extensions==1.0.0
    # via black
    # via mypy
networkx==3.2.1
    # via scikit-image
nodeenv==1.8.0
    # via pre-commit
numba==0.59.0
    # via pte
    # via pte-stats
numpy==1.26.4
    # via colorspacious
    # via contourpy
    # via h5io
    # via h5py
    # via imageio
    # via matplotlib
    # via mne
    # via mne-bids
    # via mne-qt-browser
    # via numba
    # via pandas
    # via pandas-stubs
    # via patsy
    # via pte
    # via pte-stats
    # via pybv
    # via pymatreader
    # via pyqtgraph
    # via scikit-image
    # via scipy
    # via statsmodels
    # via tifffile
packaging==23.2
    # via black
    # via hatch
    # via hatchling
    # via matplotlib
    # via mne
    # via mne-qt-browser
    # via plotly
    # via pooch
    # via pte
    # via pyproject-api
    # via pytest
    # via qtpy
    # via scikit-image
    # via statsmodels
    # via tox
pandas==2.2.1
    # via pte
    # via statsmodels
pandas-stubs==2.2.0.240218
    # via pte
pathspec==0.12.1
    # via black
    # via hatchling
patsy==0.5.6
    # via statsmodels
pexpect==4.9.0
    # via hatch
pillow==10.2.0
    # via imageio
    # via matplotlib
    # via scikit-image
platformdirs==4.2.0
    # via black
    # via hatch
    # via pooch
    # via tox
    # via virtualenv
plotly==5.19.0
    # via pte
pluggy==1.4.0
    # via hatchling
    # via pytest
    # via tox
pooch==1.8.1
    # via mne
pre-commit==3.6.2
    # via pte
pte-stats==0.3.0
    # via pte
ptyprocess==0.7.0
    # via pexpect
pybv==0.7.5
    # via pte
pygments==2.17.2
    # via rich
pymatreader==0.0.32
    # via mne
pyparsing==3.1.1
    # via matplotlib
pyproject-api==1.6.1
    # via tox
pyqt5==5.15.10
    # via pte
pyqt5-qt5==5.15.2
    # via pyqt5
pyqt5-sip==12.13.0
    # via pyqt5
pyqtgraph==0.13.3
    # via mne-qt-browser
pytest==8.0.2
    # via pte
    # via pytest-cov
pytest-cov==4.1.0
    # via pte
python-dateutil==2.9.0
    # via matplotlib
    # via pandas
pytz==2024.1
    # via pandas
pywin32-ctypes==0.2.2
    # via keyring
pyyaml==6.0.1
    # via pre-commit
qdarkstyle==3.2.3
    # via mne-qt-browser
qtpy==2.4.1
    # via mne-qt-browser
    # via qdarkstyle
requests==2.31.0
    # via pooch
rich==13.7.1
    # via hatch
ruff==0.3.0
    # via pte
scikit-image==0.22.0
    # via pte
    # via pte-stats
scipy==1.12.0
    # via mne
    # via mne-bids
    # via mne-qt-browser
    # via pte
    # via pymatreader
    # via scikit-image
    # via statsmodels
scooby==0.9.2
    # via mne-qt-browser
setuptools==69.1.1
    # via mne-qt-browser
    # via nodeenv
shellingham==1.5.4
    # via hatch
six==1.16.0
    # via patsy
    # via python-dateutil
sniffio==1.3.1
    # via anyio
    # via httpx
statsmodels==0.14.1
    # via pte-stats
tenacity==8.2.3
    # via plotly
tifffile==2024.2.12
    # via scikit-image
tomli-w==1.0.0
    # via hatch
tomlkit==0.12.4
    # via hatch
tox==4.13.0
    # via pte
tqdm==4.66.2
    # via mne
trove-classifiers==2024.2.23
    # via hatchling
types-pytz==2024.1.0.20240203
    # via pandas-stubs
typing-extensions==4.10.0
    # via mypy
tzdata==2024.1
    # via pandas
urllib3==2.2.1
    # via requests
userpath==1.9.2
    # via hatch
virtualenv==20.25.1
    # via hatch
    # via pre-commit
    # via tox
xmltodict==0.13.0
    # via pymatreader
zstandard==0.22.0
    # via hatch
